Microsoft Visual Studio Solution File, Format Version 12.00
# Visual Studio Version 17
VisualStudioVersion = 17.5.2.0
MinimumVisualStudioVersion = 10.0.40219.1
Project("{FAE04EC0-301F-11D3-BF4B-00C04F79EFBC}") = "problema1", "problema1.csproj", "{AC54C857-1AED-4BB2-9F36-603BECBB9CF4}"
EndProject
Global
	GlobalSection(SolutionConfigurationPlatforms) = preSolution
		Debug|Any CPU = Debug|Any CPU
		Release|Any CPU = Release|Any CPU
	EndGlobalSection
	GlobalSection(ProjectConfigurationPlatforms) = postSolution
		{AC54C857-1AED-4BB2-9F36-603BECBB9CF4}.Debug|Any CPU.ActiveCfg = Debug|Any CPU
		{AC54C857-1AED-4BB2-9F36-603BECBB9CF4}.Debug|Any CPU.Build.0 = Debug|Any CPU
		{AC54C857-1AED-4BB2-9F36-603BECBB9CF4}.Release|Any CPU.ActiveCfg = Release|Any CPU
		{AC54C857-1AED-4BB2-9F36-603BECBB9CF4}.Release|Any CPU.Build.0 = Release|Any CPU
	EndGlobalSection
	GlobalSection(SolutionProperties) = preSolution
		HideSolutionNode = FALSE
	EndGlobalSection
	GlobalSection(ExtensibilityGlobals) = postSolution
		SolutionGuid = {44878CD4-A27B-4E21-A153-EC7B6DAA4712}
	EndGlobalSection
EndGlobal
