
Microsoft Visual Studio Solution File, Format Version 12.00
Project("{FAE04EC0-301F-11D3-BF4B-00C04F79EFBC}") = "Laboratorul5", "Laboratorul5\Laboratorul5.csproj", "{33DA2BA6-BF7E-46F9-BEE1-8D8DDC784125}"
EndProject
Global
	GlobalSection(SolutionConfigurationPlatforms) = preSolution
		Debug|Any CPU = Debug|Any CPU
		Release|Any CPU = Release|Any CPU
	EndGlobalSection
	GlobalSection(ProjectConfigurationPlatforms) = postSolution
		{33DA2BA6-BF7E-46F9-BEE1-8D8DDC784125}.Debug|Any CPU.ActiveCfg = Debug|Any CPU
		{33DA2BA6-BF7E-46F9-BEE1-8D8DDC784125}.Debug|Any CPU.Build.0 = Debug|Any CPU
		{33DA2BA6-BF7E-46F9-BEE1-8D8DDC784125}.Release|Any CPU.ActiveCfg = Release|Any CPU
		{33DA2BA6-BF7E-46F9-BEE1-8D8DDC784125}.Release|Any CPU.Build.0 = Release|Any CPU
	EndGlobalSection
EndGlobal
